
Microsoft Visual Studio Solution File, Format Version 12.00
# Visual Studio 14
VisualStudioVersion = 14.0.24720.0
MinimumVisualStudioVersion = 10.0.40219.1
Project("{FAE04EC0-301F-11D3-BF4B-00C04F79EFBC}") = "Rules", "Rules\Rules.csproj", "{A9EB0988-54B0-44FB-8847-DE9C41A6BD55}"
EndProject
Project("{FAE04EC0-301F-11D3-BF4B-00C04F79EFBC}") = "RulesTest", "RulesTest\RulesTest.csproj", "{86176EA5-1C11-497C-80A1-0537DB7D21F2}"
EndProject
Global
	GlobalSection(SolutionConfigurationPlatforms) = preSolution
		Debug|Any CPU = Debug|Any CPU
		Release|Any CPU = Release|Any CPU
	EndGlobalSection
	GlobalSection(ProjectConfigurationPlatforms) = postSolution
		{A9EB0988-54B0-44FB-8847-DE9C41A6BD55}.Debug|Any CPU.ActiveCfg = Debug|Any CPU
		{A9EB0988-54B0-44FB-8847-DE9C41A6BD55}.Debug|Any CPU.Build.0 = Debug|Any CPU
		{A9EB0988-54B0-44FB-8847-DE9C41A6BD55}.Release|Any CPU.ActiveCfg = Release|Any CPU
		{A9EB0988-54B0-44FB-8847-DE9C41A6BD55}.Release|Any CPU.Build.0 = Release|Any CPU
		{86176EA5-1C11-497C-80A1-0537DB7D21F2}.Debug|Any CPU.ActiveCfg = Debug|Any CPU
		{86176EA5-1C11-497C-80A1-0537DB7D21F2}.Debug|Any CPU.Build.0 = Debug|Any CPU
		{86176EA5-1C11-497C-80A1-0537DB7D21F2}.Release|Any CPU.ActiveCfg = Release|Any CPU
		{86176EA5-1C11-497C-80A1-0537DB7D21F2}.Release|Any CPU.Build.0 = Release|Any CPU
	EndGlobalSection
	GlobalSection(SolutionProperties) = preSolution
		HideSolutionNode = FALSE
	EndGlobalSection
EndGlobal
